// !$*UTF8*$!
{
	archiveVersion = 1;
	classes = {
	};
	objectVersion = 56;
	objects = {

/* Begin PBXBuildFile section */
		CAFECAFE00000000BF000001 /* App.swift in Sources */ = {isa = PBXBuildFile; fileRef = CAFECAFE00000000FR000001 /* App.swift */; };
		CAFECAFE00000000BF000002 /* AlertViewModel.swift in Sources */ = {isa = PBXBuildFile; fileRef = CAFECAFE00000000FR000002 /* AlertViewModel.swift */; };
		CAFECAFE00000000BF000003 /* ContentView.swift in Sources */ = {isa = PBXBuildFile; fileRef = CAFECAFE00000000FR000003 /* ContentView.swift */; };
		CAFECAFE00000000BF000004 /* SettingsView.swift in Sources */ = {isa = PBXBuildFile; fileRef = CAFECAFE00000000FR000004 /* SettingsView.swift */; };
		CAFECAFE00000000BF000005 /* LocationManager.swift in Sources */ = {isa = PBXBuildFile; fileRef = CAFECAFE00000000FR000005 /* LocationManager.swift */; };
		CAFECAFE00000000BF000006 /* TrafficSignalService.swift in Sources */ = {isa = PBXBuildFile; fileRef = CAFECAFE00000000FR000006 /* TrafficSignalService.swift */; };
		CAFECAFE00000000BF000007 /* AlertSettings.swift in Sources */ = {isa = PBXBuildFile; fileRef = CAFECAFE00000000FR000007 /* AlertSettings.swift */; };
		CAFECAFE00000000BF000008 /* AudioService.swift in Sources */ = {isa = PBXBuildFile; fileRef = CAFECAFE00000000FR000008 /* AudioService.swift */; };
		CAFECAFE00000000BF000009 /* data.json in Resources */ = {isa = PBXBuildFile; fileRef = CAFECAFE00000000FR000009 /* data.json */; };
		CAFECAFE00000000BF000010 /* Assets.xcassets in Resources */ = {isa = PBXBuildFile; fileRef = CAFECAFE00000000FR000011 /* Assets.xcassets */; };
		CAFECAFE00000000BF000020 /* WatchConnectivity.framework in Frameworks (iOS) */ = {isa = PBXBuildFile; fileRef = CAFECAFE00000000FR000020 /* WatchConnectivity.framework */; };
		CAFECAFE00000000BF000021 /* WatchConnectivity.framework in Frameworks (Watch) */ = {isa = PBXBuildFile; fileRef = CAFECAFE00000000FR000020 /* WatchConnectivity.framework */; };
		CAFECAFE00000000BF000022 /* WatchApp.swift in Sources */ = {isa = PBXBuildFile; fileRef = CAFECAFE00000000FR000021 /* WatchApp.swift */; };
		CAFECAFE00000000BF000023 /* WatchSessionManager.swift in Sources */ = {isa = PBXBuildFile; fileRef = CAFECAFE00000000FR000022 /* WatchSessionManager.swift */; };
		CAFECAFE00000000BF000024 /* WatchContentView.swift in Sources */ = {isa = PBXBuildFile; fileRef = CAFECAFE00000000FR000023 /* WatchContentView.swift */; };
		CAFECAFE00000000BF000025 /* Watch Assets.xcassets in Resources */ = {isa = PBXBuildFile; fileRef = CAFECAFE00000000FR000024 /* Watch Assets.xcassets */; };
		CAFECAFE00000000BF000026 /* PhoneSessionManager.swift in Sources */ = {isa = PBXBuildFile; fileRef = CAFECAFE00000000FR000025 /* PhoneSessionManager.swift */; };
		CAFECAFE00000000BF000029 /* TrackingIntents.swift in Sources */ = {isa = PBXBuildFile; fileRef = CAFECAFE00000000FR000029 /* TrackingIntents.swift */; };
		CAFECAFE00000000BF000028 /* ConnectionMonitor.swift in Sources */ = {isa = PBXBuildFile; fileRef = CAFECAFE00000000FR000028 /* ConnectionMonitor.swift */; };
		CAFECAFE00000000BF000027 /* tsaiosWatch.app in Embed Watch Content */ = {isa = PBXBuildFile; fileRef = CAFECAFE00000000FR000026 /* tsaiosWatch.app */; settings = {ATTRIBUTES = (RemoveHeadersOnCopy, ); }; };
/* End PBXBuildFile section */

/* Begin PBXContainerItemProxy section */
		CAFECAFE00000000PROXY01 /* PBXContainerItemProxy */ = {
			isa = PBXContainerItemProxy;
			containerPortal = CAFECAFE00000000PR000001 /* Project object */;
			proxyType = 1;
			remoteGlobalIDString = CAFECAFE00000000TG000010;
			remoteInfo = tsaiosWatch;
		};
/* End PBXContainerItemProxy section */

/* Begin PBXCopyFilesBuildPhase section */
		CAFECAFE00000000TG000023 /* Embed Watch Content */ = {
			isa = PBXCopyFilesBuildPhase;
			buildActionMask = 2147483647;
			dstPath = "$(CONTENTS_FOLDER_PATH)/Watch";
			dstSubfolderSpec = 16;
			files = (
				CAFECAFE00000000BF000027 /* tsaiosWatch.app in Embed Watch Content */,
			);
			name = "Embed Watch Content";
			runOnlyForDeploymentPostprocessing = 0;
		};
/* End PBXCopyFilesBuildPhase section */

/* Begin PBXFileReference section */
		CAFECAFE00000000FR000001 /* App.swift */ = {isa = PBXFileReference; lastKnownFileType = sourcecode.swift; path = App.swift; sourceTree = "<group>"; };
		CAFECAFE00000000FR000002 /* AlertViewModel.swift */ = {isa = PBXFileReference; lastKnownFileType = sourcecode.swift; path = AlertViewModel.swift; sourceTree = "<group>"; };
		CAFECAFE00000000FR000003 /* ContentView.swift */ = {isa = PBXFileReference; lastKnownFileType = sourcecode.swift; path = ContentView.swift; sourceTree = "<group>"; };
		CAFECAFE00000000FR000004 /* SettingsView.swift */ = {isa = PBXFileReference; lastKnownFileType = sourcecode.swift; path = SettingsView.swift; sourceTree = "<group>"; };
		CAFECAFE00000000FR000005 /* LocationManager.swift */ = {isa = PBXFileReference; lastKnownFileType = sourcecode.swift; path = LocationManager.swift; sourceTree = "<group>"; };
		CAFECAFE00000000FR000006 /* TrafficSignalService.swift */ = {isa = PBXFileReference; lastKnownFileType = sourcecode.swift; path = TrafficSignalService.swift; sourceTree = "<group>"; };
		CAFECAFE00000000FR000007 /* AlertSettings.swift */ = {isa = PBXFileReference; lastKnownFileType = sourcecode.swift; path = AlertSettings.swift; sourceTree = "<group>"; };
		CAFECAFE00000000FR000008 /* AudioService.swift */ = {isa = PBXFileReference; lastKnownFileType = sourcecode.swift; path = AudioService.swift; sourceTree = "<group>"; };
		CAFECAFE00000000FR000009 /* data.json */ = {isa = PBXFileReference; lastKnownFileType = text.json; path = data.json; sourceTree = "<group>"; };
		CAFECAFE00000000FR000010 /* Info.plist */ = {isa = PBXFileReference; lastKnownFileType = text.plist.xml; path = Info.plist; sourceTree = "<group>"; };
		CAFECAFE00000000FR000011 /* Assets.xcassets */ = {isa = PBXFileReference; lastKnownFileType = folder.assetcatalog; path = Assets.xcassets; sourceTree = "<group>"; };
		CAFECAFE00000000FR000012 /* tsaios.app */ = {isa = PBXFileReference; explicitFileType = wrapper.application; includeInIndex = 0; path = tsaios.app; sourceTree = BUILT_PRODUCTS_DIR; };
		CAFECAFE00000000FR000020 /* WatchConnectivity.framework */ = {isa = PBXFileReference; lastKnownFileType = wrapper.framework; name = WatchConnectivity.framework; path = System/Library/Frameworks/WatchConnectivity.framework; sourceTree = SDKROOT; };
		CAFECAFE00000000FR000021 /* WatchApp.swift */ = {isa = PBXFileReference; lastKnownFileType = sourcecode.swift; path = WatchApp.swift; sourceTree = "<group>"; };
		CAFECAFE00000000FR000022 /* WatchSessionManager.swift */ = {isa = PBXFileReference; lastKnownFileType = sourcecode.swift; path = WatchSessionManager.swift; sourceTree = "<group>"; };
		CAFECAFE00000000FR000023 /* WatchContentView.swift */ = {isa = PBXFileReference; lastKnownFileType = sourcecode.swift; path = WatchContentView.swift; sourceTree = "<group>"; };
		CAFECAFE00000000FR000024 /* Watch Assets.xcassets */ = {isa = PBXFileReference; lastKnownFileType = folder.assetcatalog; path = Assets.xcassets; sourceTree = "<group>"; };
		CAFECAFE00000000FR000025 /* PhoneSessionManager.swift */ = {isa = PBXFileReference; lastKnownFileType = sourcecode.swift; path = PhoneSessionManager.swift; sourceTree = "<group>"; };
		CAFECAFE00000000FR000029 /* TrackingIntents.swift */ = {isa = PBXFileReference; lastKnownFileType = sourcecode.swift; path = TrackingIntents.swift; sourceTree = "<group>"; };
		CAFECAFE00000000FR000028 /* ConnectionMonitor.swift */ = {isa = PBXFileReference; lastKnownFileType = sourcecode.swift; path = ConnectionMonitor.swift; sourceTree = "<group>"; };
		CAFECAFE00000000FR000026 /* tsaiosWatch.app */ = {isa = PBXFileReference; explicitFileType = wrapper.application; includeInIndex = 0; path = tsaiosWatch.app; sourceTree = BUILT_PRODUCTS_DIR; };
/* End PBXFileReference section */

/* Begin PBXFrameworksBuildPhase section */
		CAFECAFE00000000TG000004 /* Frameworks (iOS) */ = {
			isa = PBXFrameworksBuildPhase;
			buildActionMask = 2147483647;
			files = (
				CAFECAFE00000000BF000020 /* WatchConnectivity.framework in Frameworks (iOS) */,
			);
			runOnlyForDeploymentPostprocessing = 0;
		};
		CAFECAFE00000000TG000022 /* Frameworks (Watch) */ = {
			isa = PBXFrameworksBuildPhase;
			buildActionMask = 2147483647;
			files = (
				CAFECAFE00000000BF000021 /* WatchConnectivity.framework in Frameworks (Watch) */,
			);
			runOnlyForDeploymentPostprocessing = 0;
		};
/* End PBXFrameworksBuildPhase section */

/* Begin PBXGroup section */
		CAFECAFE00000000GR000001 /* Root */ = {
			isa = PBXGroup;
			children = (
				CAFECAFE00000000GR000002 /* tsaios */,
				CAFECAFE00000000GR000010 /* tsaiosWatch */,
				CAFECAFE00000000GR000011 /* Frameworks */,
				CAFECAFE00000000GR000003 /* Products */,
			);
			sourceTree = "<group>";
		};
		CAFECAFE00000000GR000002 /* tsaios */ = {
			isa = PBXGroup;
			children = (
				CAFECAFE00000000FR000001 /* App.swift */,
				CAFECAFE00000000FR000002 /* AlertViewModel.swift */,
				CAFECAFE00000000FR000003 /* ContentView.swift */,
				CAFECAFE00000000FR000004 /* SettingsView.swift */,
				CAFECAFE00000000FR000005 /* LocationManager.swift */,
				CAFECAFE00000000FR000006 /* TrafficSignalService.swift */,
				CAFECAFE00000000FR000007 /* AlertSettings.swift */,
				CAFECAFE00000000FR000008 /* AudioService.swift */,
					CAFECAFE00000000FR000025 /* PhoneSessionManager.swift */,
					CAFECAFE00000000FR000029 /* TrackingIntents.swift */,
				CAFECAFE00000000FR000028 /* ConnectionMonitor.swift */,
				CAFECAFE00000000FR000009 /* data.json */,
				CAFECAFE00000000FR000010 /* Info.plist */,
				CAFECAFE00000000FR000011 /* Assets.xcassets */,
			);
			path = tsaios;
			sourceTree = "<group>";
		};
		CAFECAFE00000000GR000003 /* Products */ = {
			isa = PBXGroup;
			children = (
				CAFECAFE00000000FR000012 /* tsaios.app */,
				CAFECAFE00000000FR000026 /* tsaiosWatch.app */,
			);
			name = Products;
			sourceTree = "<group>";
		};
		CAFECAFE00000000GR000010 /* tsaiosWatch */ = {
			isa = PBXGroup;
			children = (
				CAFECAFE00000000FR000021 /* WatchApp.swift */,
				CAFECAFE00000000FR000022 /* WatchSessionManager.swift */,
				CAFECAFE00000000FR000023 /* WatchContentView.swift */,
				CAFECAFE00000000FR000024 /* Watch Assets.xcassets */,
			);
			path = tsaiosWatch;
			sourceTree = "<group>";
		};
		CAFECAFE00000000GR000011 /* Frameworks */ = {
			isa = PBXGroup;
			children = (
				CAFECAFE00000000FR000020 /* WatchConnectivity.framework */,
			);
			name = Frameworks;
			sourceTree = "<group>";
		};
/* End PBXGroup section */

/* Begin PBXNativeTarget section */
		CAFECAFE00000000TG000001 /* tsaios */ = {
			isa = PBXNativeTarget;
			buildConfigurationList = CAFECAFE00000000CL000002 /* Build configuration list for PBXNativeTarget "tsaios" */;
			buildPhases = (
				CAFECAFE00000000TG000002 /* Sources */,
				CAFECAFE00000000TG000003 /* Resources */,
				CAFECAFE00000000TG000004 /* Frameworks */,
				CAFECAFE00000000TG000023 /* Embed Watch Content */,
			);
			buildRules = (
			);
			dependencies = (
				CAFECAFE00000000DEP001 /* PBXTargetDependency */,
			);
			name = tsaios;
			productName = tsaios;
			productReference = CAFECAFE00000000FR000012 /* tsaios.app */;
			productType = "com.apple.product-type.application";
		};
		CAFECAFE00000000TG000010 /* tsaiosWatch */ = {
			isa = PBXNativeTarget;
			buildConfigurationList = CAFECAFE00000000CL000010 /* Build configuration list for PBXNativeTarget "tsaiosWatch" */;
			buildPhases = (
				CAFECAFE00000000TG000020 /* Sources */,
				CAFECAFE00000000TG000021 /* Resources */,
				CAFECAFE00000000TG000022 /* Frameworks */,
			);
			buildRules = (
			);
			dependencies = (
			);
			name = tsaiosWatch;
			productName = tsaiosWatch;
			productReference = CAFECAFE00000000FR000026 /* tsaiosWatch.app */;
			productType = "com.apple.product-type.application";
		};
/* End PBXNativeTarget section */

/* Begin PBXProject section */
		CAFECAFE00000000PR000001 /* Project object */ = {
			isa = PBXProject;
			attributes = {
				BuildIndependentTargetsInParallel = 1;
				LastSwiftUpdateCheck = 1500;
				LastUpgradeCheck = 1500;
				TargetAttributes = {
					CAFECAFE00000000TG000001 = {
						CreatedOnToolsVersion = 15.0;
					};
					CAFECAFE00000000TG000010 = {
						CreatedOnToolsVersion = 15.0;
					};
				};
			};
			buildConfigurationList = CAFECAFE00000000CL000001 /* Build configuration list for PBXProject "tsaios" */;
			compatibilityVersion = "Xcode 14.0";
			developmentRegion = en;
			hasScannedForEncodings = 0;
			knownRegions = (
				en,
				Base,
			);
			mainGroup = CAFECAFE00000000GR000001 /* Root */;
			productRefGroup = CAFECAFE00000000GR000003 /* Products */;
			projectDirPath = "";
			projectRoot = "";
			targets = (
				CAFECAFE00000000TG000001 /* tsaios */,
				CAFECAFE00000000TG000010 /* tsaiosWatch */,
			);
		};
/* End PBXProject section */

/* Begin PBXResourcesBuildPhase section */
		CAFECAFE00000000TG000003 /* Resources (iOS) */ = {
			isa = PBXResourcesBuildPhase;
			buildActionMask = 2147483647;
			files = (
				CAFECAFE00000000BF000009 /* data.json in Resources */,
				CAFECAFE00000000BF000010 /* Assets.xcassets in Resources */,
			);
			runOnlyForDeploymentPostprocessing = 0;
		};
		CAFECAFE00000000TG000021 /* Resources (Watch) */ = {
			isa = PBXResourcesBuildPhase;
			buildActionMask = 2147483647;
			files = (
				CAFECAFE00000000BF000025 /* Watch Assets.xcassets in Resources */,
			);
			runOnlyForDeploymentPostprocessing = 0;
		};
/* End PBXResourcesBuildPhase section */

/* Begin PBXSourcesBuildPhase section */
		CAFECAFE00000000TG000002 /* Sources (iOS) */ = {
			isa = PBXSourcesBuildPhase;
			buildActionMask = 2147483647;
			files = (
				CAFECAFE00000000BF000001 /* App.swift in Sources */,
				CAFECAFE00000000BF000002 /* AlertViewModel.swift in Sources */,
				CAFECAFE00000000BF000003 /* ContentView.swift in Sources */,
				CAFECAFE00000000BF000004 /* SettingsView.swift in Sources */,
				CAFECAFE00000000BF000005 /* LocationManager.swift in Sources */,
				CAFECAFE00000000BF000006 /* TrafficSignalService.swift in Sources */,
				CAFECAFE00000000BF000007 /* AlertSettings.swift in Sources */,
				CAFECAFE00000000BF000008 /* AudioService.swift in Sources */,
					CAFECAFE00000000BF000026 /* PhoneSessionManager.swift in Sources */,
					CAFECAFE00000000BF000029 /* TrackingIntents.swift in Sources */,
					CAFECAFE00000000BF000028 /* ConnectionMonitor.swift in Sources */,
			);
			runOnlyForDeploymentPostprocessing = 0;
		};
		CAFECAFE00000000TG000020 /* Sources (Watch) */ = {
			isa = PBXSourcesBuildPhase;
			buildActionMask = 2147483647;
			files = (
				CAFECAFE00000000BF000022 /* WatchApp.swift in Sources */,
				CAFECAFE00000000BF000023 /* WatchSessionManager.swift in Sources */,
				CAFECAFE00000000BF000024 /* WatchContentView.swift in Sources */,
			);
			runOnlyForDeploymentPostprocessing = 0;
		};
/* End PBXSourcesBuildPhase section */

/* Begin PBXTargetDependency section */
		CAFECAFE00000000DEP001 /* PBXTargetDependency */ = {
			isa = PBXTargetDependency;
			target = CAFECAFE00000000TG000010 /* tsaiosWatch */;
			targetProxy = CAFECAFE00000000PROXY01 /* PBXContainerItemProxy */;
		};
/* End PBXTargetDependency section */

/* Begin XCBuildConfiguration section */
		CAFECAFE00000000BC000001 /* Debug */ = {
			isa = XCBuildConfiguration;
			buildSettings = {
				ALWAYS_SEARCH_USER_PATHS = NO;
				ASSETCATALOG_COMPILER_GENERATE_SWIFT_ASSET_SYMBOL_EXTENSIONS = YES;
				CLANG_ANALYZER_NONNULL = YES;
				CLANG_ANALYZER_NUMBER_OBJECT_CONVERSION = YES_AGGRESSIVE;
				CLANG_CXX_LANGUAGE_STANDARD = "gnu++20";
				CLANG_ENABLE_MODULES = YES;
				CLANG_ENABLE_OBJC_ARC = YES;
				CLANG_ENABLE_OBJC_WEAK = YES;
				CLANG_WARN_BLOCK_CAPTURE_AUTORELEASING = YES;
				CLANG_WARN_BOOL_CONVERSION = YES;
				CLANG_WARN_COMMA = YES;
				CLANG_WARN_CONSTANT_CONVERSION = YES;
				CLANG_WARN_DEPRECATED_OBJC_IMPLEMENTATIONS = YES;
				CLANG_WARN_DIRECT_OBJC_ISA_USAGE = YES_ERROR;
				CLANG_WARN_DOCUMENTATION_COMMENTS = YES;
				CLANG_WARN_EMPTY_BODY = YES;
				CLANG_WARN_ENUM_CONVERSION = YES;
				CLANG_WARN_INFINITE_RECURSION = YES;
				CLANG_WARN_INT_CONVERSION = YES;
				CLANG_WARN_NON_LITERAL_NULL_CONVERSION = YES;
				CLANG_WARN_OBJC_IMPLICIT_RETAIN_SELF = YES;
				CLANG_WARN_OBJC_LITERAL_CONVERSION = YES;
				CLANG_WARN_OBJC_ROOT_CLASS = YES_ERROR;
				CLANG_WARN_QUOTED_INCLUDE_IN_FRAMEWORK_HEADER = YES;
				CLANG_WARN_RANGE_LOOP_ANALYSIS = YES;
				CLANG_WARN_STRICT_PROTOTYPES = YES;
				CLANG_WARN_SUSPICIOUS_MOVE = YES;
				CLANG_WARN_UNGUARDED_AVAILABILITY = YES_AGGRESSIVE;
				CLANG_WARN_UNREACHABLE_CODE = YES;
				CLANG_WARN__DUPLICATE_METHOD_MATCH = YES;
				COPY_PHASE_STRIP = NO;
				DEBUG_INFORMATION_FORMAT = dwarf;
				ENABLE_STRICT_OBJC_MSGSEND = YES;
				ENABLE_TESTABILITY = YES;
				ENABLE_USER_SCRIPT_SANDBOXING = YES;
				GCC_C_LANGUAGE_STANDARD = gnu17;
				GCC_DYNAMIC_NO_PIC = NO;
				GCC_NO_COMMON_BLOCKS = YES;
				GCC_OPTIMIZATION_LEVEL = 0;
				GCC_PREPROCESSOR_DEFINITIONS = (
					"DEBUG=1",
					"$(inherited)",
				);
				GCC_WARN_64_TO_32_BIT_CONVERSION = YES;
				GCC_WARN_ABOUT_RETURN_TYPE = YES_ERROR;
				GCC_WARN_UNDECLARED_SELECTOR = YES;
				GCC_WARN_UNINITIALIZED_AUTOS = YES_AGGRESSIVE;
				GCC_WARN_UNUSED_FUNCTION = YES;
				GCC_WARN_UNUSED_VARIABLE = YES;
				IPHONEOS_DEPLOYMENT_TARGET = 16.0;
				MTL_ENABLE_DEBUG_INFO = INCLUDE_SOURCE;
				MTL_FAST_MATH = YES;
				ONLY_ACTIVE_ARCH = YES;
				SDKROOT = iphoneos;
				SWIFT_ACTIVE_COMPILATION_CONDITIONS = DEBUG;
				SWIFT_OPTIMIZATION_LEVEL = "-Onone";
			};
			name = Debug;
		};
		CAFECAFE00000000BC000002 /* Release */ = {
			isa = XCBuildConfiguration;
			buildSettings = {
				ALWAYS_SEARCH_USER_PATHS = NO;
				ASSETCATALOG_COMPILER_GENERATE_SWIFT_ASSET_SYMBOL_EXTENSIONS = YES;
				CLANG_ANALYZER_NONNULL = YES;
				CLANG_ANALYZER_NUMBER_OBJECT_CONVERSION = YES_AGGRESSIVE;
				CLANG_CXX_LANGUAGE_STANDARD = "gnu++20";
				CLANG_ENABLE_MODULES = YES;
				CLANG_ENABLE_OBJC_ARC = YES;
				CLANG_ENABLE_OBJC_WEAK = YES;
				CLANG_WARN_BLOCK_CAPTURE_AUTORELEASING = YES;
				CLANG_WARN_BOOL_CONVERSION = YES;
				CLANG_WARN_COMMA = YES;
				CLANG_WARN_CONSTANT_CONVERSION = YES;
				CLANG_WARN_DEPRECATED_OBJC_IMPLEMENTATIONS = YES;
				CLANG_WARN_DIRECT_OBJC_ISA_USAGE = YES_ERROR;
				CLANG_WARN_DOCUMENTATION_COMMENTS = YES;
				CLANG_WARN_EMPTY_BODY = YES;
				CLANG_WARN_ENUM_CONVERSION = YES;
				CLANG_WARN_INFINITE_RECURSION = YES;
				CLANG_WARN_INT_CONVERSION = YES;
				CLANG_WARN_NON_LITERAL_NULL_CONVERSION = YES;
				CLANG_WARN_OBJC_IMPLICIT_RETAIN_SELF = YES;
				CLANG_WARN_OBJC_LITERAL_CONVERSION = YES;
				CLANG_WARN_OBJC_ROOT_CLASS = YES_ERROR;
				CLANG_WARN_QUOTED_INCLUDE_IN_FRAMEWORK_HEADER = YES;
				CLANG_WARN_RANGE_LOOP_ANALYSIS = YES;
				CLANG_WARN_STRICT_PROTOTYPES = YES;
				CLANG_WARN_SUSPICIOUS_MOVE = YES;
				CLANG_WARN_UNGUARDED_AVAILABILITY = YES_AGGRESSIVE;
				CLANG_WARN_UNREACHABLE_CODE = YES;
				CLANG_WARN__DUPLICATE_METHOD_MATCH = YES;
				COPY_PHASE_STRIP = NO;
				DEBUG_INFORMATION_FORMAT = "dwarf-with-dsym";
				ENABLE_NS_ASSERTIONS = NO;
				ENABLE_STRICT_OBJC_MSGSEND = YES;
				ENABLE_USER_SCRIPT_SANDBOXING = YES;
				GCC_C_LANGUAGE_STANDARD = gnu17;
				GCC_NO_COMMON_BLOCKS = YES;
				GCC_WARN_64_TO_32_BIT_CONVERSION = YES;
				GCC_WARN_ABOUT_RETURN_TYPE = YES_ERROR;
				GCC_WARN_UNDECLARED_SELECTOR = YES;
				GCC_WARN_UNINITIALIZED_AUTOS = YES_AGGRESSIVE;
				GCC_WARN_UNUSED_FUNCTION = YES;
				GCC_WARN_UNUSED_VARIABLE = YES;
				IPHONEOS_DEPLOYMENT_TARGET = 16.0;
				MTL_FAST_MATH = YES;
				SDKROOT = iphoneos;
				SWIFT_COMPILATION_MODE = wholemodule;
				SWIFT_OPTIMIZATION_LEVEL = "-O";
				VALIDATE_PRODUCT = YES;
			};
			name = Release;
		};
		CAFECAFE00000000BC000003 /* Debug (iOS target) */ = {
			isa = XCBuildConfiguration;
			buildSettings = {
				ASSETCATALOG_COMPILER_APPICON_NAME = AppIcon;
				ASSETCATALOG_COMPILER_GLOBAL_ACCENT_COLOR_NAME = AccentColor;
				CODE_SIGN_STYLE = Automatic;
				CURRENT_PROJECT_VERSION = 1;
				DEVELOPMENT_ASSET_PATHS = "";
				ENABLE_PREVIEWS = YES;
				GENERATE_INFOPLIST_FILE = NO;
				INFOPLIST_FILE = tsaios/Info.plist;
				IPHONEOS_DEPLOYMENT_TARGET = 16.0;
				LD_RUNPATH_SEARCH_PATHS = (
					"$(inherited)",
					"@executable_path/Frameworks",
				);
				MARKETING_VERSION = 1.0;
				PRODUCT_BUNDLE_IDENTIFIER = com.poodlesoft.tsaios;
				PRODUCT_NAME = "$(TARGET_NAME)";
				SWIFT_EMIT_LOC_STRINGS = YES;
				SWIFT_VERSION = 5.0;
				TARGETED_DEVICE_FAMILY = "1,2";
			};
			name = Debug;
		};
		CAFECAFE00000000BC000004 /* Release (iOS target) */ = {
			isa = XCBuildConfiguration;
			buildSettings = {
				ASSETCATALOG_COMPILER_APPICON_NAME = AppIcon;
				ASSETCATALOG_COMPILER_GLOBAL_ACCENT_COLOR_NAME = AccentColor;
				CODE_SIGN_STYLE = Automatic;
				CURRENT_PROJECT_VERSION = 1;
				DEVELOPMENT_ASSET_PATHS = "";
				ENABLE_PREVIEWS = YES;
				GENERATE_INFOPLIST_FILE = NO;
				INFOPLIST_FILE = tsaios/Info.plist;
				IPHONEOS_DEPLOYMENT_TARGET = 16.0;
				LD_RUNPATH_SEARCH_PATHS = (
					"$(inherited)",
					"@executable_path/Frameworks",
				);
				MARKETING_VERSION = 1.0;
				PRODUCT_BUNDLE_IDENTIFIER = com.poodlesoft.tsaios;
				PRODUCT_NAME = "$(TARGET_NAME)";
				SWIFT_EMIT_LOC_STRINGS = YES;
				SWIFT_VERSION = 5.0;
				TARGETED_DEVICE_FAMILY = "1,2";
			};
			name = Release;
		};
		CAFECAFE00000000BC000010 /* Debug (Watch target) */ = {
			isa = XCBuildConfiguration;
			buildSettings = {
				ASSETCATALOG_COMPILER_APPICON_NAME = AppIcon;
				CODE_SIGN_ENTITLEMENTS = tsaiosWatch/tsaiosWatch.entitlements;
				CODE_SIGN_STYLE = Automatic;
				CURRENT_PROJECT_VERSION = 1;
				DEVELOPMENT_TEAM = 7829H66W32;
				GENERATE_INFOPLIST_FILE = YES;
				INFOPLIST_KEY_CFBundleDisplayName = "Alert ME";
				INFOPLIST_KEY_WKCompanionAppBundleIdentifier = "com.poodlesoft.tsaios";
				MARKETING_VERSION = 1.0;
				PRODUCT_BUNDLE_IDENTIFIER = "com.poodlesoft.tsaios.watchkitapp";
				PRODUCT_NAME = "$(TARGET_NAME)";
				SDKROOT = watchos;
				SKIP_INSTALL = YES;
				SWIFT_EMIT_LOC_STRINGS = YES;
				SWIFT_VERSION = 5.0;
				TARGETED_DEVICE_FAMILY = 4;
				WATCHOS_DEPLOYMENT_TARGET = 9.0;
			};
			name = Debug;
		};
		CAFECAFE00000000BC000011 /* Release (Watch target) */ = {
			isa = XCBuildConfiguration;
			buildSettings = {
				ASSETCATALOG_COMPILER_APPICON_NAME = AppIcon;
				CODE_SIGN_ENTITLEMENTS = tsaiosWatch/tsaiosWatch.entitlements;
				CODE_SIGN_STYLE = Automatic;
				CURRENT_PROJECT_VERSION = 1;
				DEVELOPMENT_TEAM = 7829H66W32;
				GENERATE_INFOPLIST_FILE = YES;
				INFOPLIST_KEY_CFBundleDisplayName = "Alert ME";
				INFOPLIST_KEY_WKCompanionAppBundleIdentifier = "com.poodlesoft.tsaios";
				MARKETING_VERSION = 1.0;
				PRODUCT_BUNDLE_IDENTIFIER = "com.poodlesoft.tsaios.watchkitapp";
				PRODUCT_NAME = "$(TARGET_NAME)";
				SDKROOT = watchos;
				SKIP_INSTALL = YES;
				SWIFT_EMIT_LOC_STRINGS = YES;
				SWIFT_VERSION = 5.0;
				TARGETED_DEVICE_FAMILY = 4;
				WATCHOS_DEPLOYMENT_TARGET = 9.0;
			};
			name = Release;
		};
/* End XCBuildConfiguration section */

/* Begin XCConfigurationList section */
		CAFECAFE00000000CL000001 /* Build configuration list for PBXProject "tsaios" */ = {
			isa = XCConfigurationList;
			buildConfigurations = (
				CAFECAFE00000000BC000001 /* Debug */,
				CAFECAFE00000000BC000002 /* Release */,
			);
			defaultConfigurationIsVisible = 0;
			defaultConfigurationName = Release;
		};
		CAFECAFE00000000CL000002 /* Build configuration list for PBXNativeTarget "tsaios" */ = {
			isa = XCConfigurationList;
			buildConfigurations = (
				CAFECAFE00000000BC000003 /* Debug */,
				CAFECAFE00000000BC000004 /* Release */,
			);
			defaultConfigurationIsVisible = 0;
			defaultConfigurationName = Release;
		};
		CAFECAFE00000000CL000010 /* Build configuration list for PBXNativeTarget "tsaiosWatch" */ = {
			isa = XCConfigurationList;
			buildConfigurations = (
				CAFECAFE00000000BC000010 /* Debug */,
				CAFECAFE00000000BC000011 /* Release */,
			);
			defaultConfigurationIsVisible = 0;
			defaultConfigurationName = Release;
		};
/* End XCConfigurationList section */

	};
	rootObject = CAFECAFE00000000PR000001 /* Project object */;
}
